
Microsoft Visual Studio Solution File, Format Version 12.00
# Visual Studio 15
VisualStudioVersion = 15.0.27703.1
MinimumVisualStudioVersion = 10.0.40219.1
Project("{FAE04EC0-301F-11D3-BF4B-00C04F79EFBC}") = "SportsManagementCampaign", "SportsManagementCampaign\SportsManagementCampaign.csproj", "{79A06757-DC62-43EE-9F3D-598EFBD50D39}"
EndProject
Project("{FAE04EC0-301F-11D3-BF4B-00C04F79EFBC}") = "SportsCampaignClient", "SportsCampaignClient\SportsCampaignClient.csproj", "{A3352BEB-48A5-4FBC-9967-435EFCA9B5FD}"
EndProject
Global
	GlobalSection(SolutionConfigurationPlatforms) = preSolution
		Debug|Any CPU = Debug|Any CPU
		Release|Any CPU = Release|Any CPU
	EndGlobalSection
	GlobalSection(ProjectConfigurationPlatforms) = postSolution
		{79A06757-DC62-43EE-9F3D-598EFBD50D39}.Debug|Any CPU.ActiveCfg = Debug|Any CPU
		{79A06757-DC62-43EE-9F3D-598EFBD50D39}.Debug|Any CPU.Build.0 = Debug|Any CPU
		{79A06757-DC62-43EE-9F3D-598EFBD50D39}.Release|Any CPU.ActiveCfg = Release|Any CPU
		{79A06757-DC62-43EE-9F3D-598EFBD50D39}.Release|Any CPU.Build.0 = Release|Any CPU
		{A3352BEB-48A5-4FBC-9967-435EFCA9B5FD}.Debug|Any CPU.ActiveCfg = Debug|Any CPU
		{A3352BEB-48A5-4FBC-9967-435EFCA9B5FD}.Debug|Any CPU.Build.0 = Debug|Any CPU
		{A3352BEB-48A5-4FBC-9967-435EFCA9B5FD}.Release|Any CPU.ActiveCfg = Release|Any CPU
		{A3352BEB-48A5-4FBC-9967-435EFCA9B5FD}.Release|Any CPU.Build.0 = Release|Any CPU
	EndGlobalSection
	GlobalSection(SolutionProperties) = preSolution
		HideSolutionNode = FALSE
	EndGlobalSection
	GlobalSection(ExtensibilityGlobals) = postSolution
		SolutionGuid = {CC5F7FF8-ABFD-4530-A833-0D2050F1003E}
	EndGlobalSection
EndGlobal
